
Microsoft Visual Studio Solution File, Format Version 12.00
# Visual Studio 14
VisualStudioVersion = 14.0.24720.0
MinimumVisualStudioVersion = 10.0.40219.1
Project("{FAE04EC0-301F-11D3-BF4B-00C04F79EFBC}") = "RoadScholar", "RoadScholar\RoadScholar.csproj", "{51727C6E-73FB-4B71-A55E-1100FAF26A37}"
EndProject
Project("{FAE04EC0-301F-11D3-BF4B-00C04F79EFBC}") = "RoadScholar.BL", "RoadScholar.BL\RoadScholar.BL.csproj", "{C04FC274-8510-47F1-A639-71425F08BC43}"
EndProject
Project("{FAE04EC0-301F-11D3-BF4B-00C04F79EFBC}") = "Resources", "Resources\Resources.csproj", "{C9AA2BD7-9497-48E3-9546-A13990006B44}"
EndProject
Global
	GlobalSection(SolutionConfigurationPlatforms) = preSolution
		Debug|Any CPU = Debug|Any CPU
		Release|Any CPU = Release|Any CPU
	EndGlobalSection
	GlobalSection(ProjectConfigurationPlatforms) = postSolution
		{51727C6E-73FB-4B71-A55E-1100FAF26A37}.Debug|Any CPU.ActiveCfg = Debug|Any CPU
		{51727C6E-73FB-4B71-A55E-1100FAF26A37}.Debug|Any CPU.Build.0 = Debug|Any CPU
		{51727C6E-73FB-4B71-A55E-1100FAF26A37}.Release|Any CPU.ActiveCfg = Release|Any CPU
		{51727C6E-73FB-4B71-A55E-1100FAF26A37}.Release|Any CPU.Build.0 = Release|Any CPU
		{C04FC274-8510-47F1-A639-71425F08BC43}.Debug|Any CPU.ActiveCfg = Debug|Any CPU
		{C04FC274-8510-47F1-A639-71425F08BC43}.Debug|Any CPU.Build.0 = Debug|Any CPU
		{C04FC274-8510-47F1-A639-71425F08BC43}.Release|Any CPU.ActiveCfg = Release|Any CPU
		{C04FC274-8510-47F1-A639-71425F08BC43}.Release|Any CPU.Build.0 = Release|Any CPU
		{C9AA2BD7-9497-48E3-9546-A13990006B44}.Debug|Any CPU.ActiveCfg = Debug|Any CPU
		{C9AA2BD7-9497-48E3-9546-A13990006B44}.Debug|Any CPU.Build.0 = Debug|Any CPU
		{C9AA2BD7-9497-48E3-9546-A13990006B44}.Release|Any CPU.ActiveCfg = Release|Any CPU
		{C9AA2BD7-9497-48E3-9546-A13990006B44}.Release|Any CPU.Build.0 = Release|Any CPU
	EndGlobalSection
	GlobalSection(SolutionProperties) = preSolution
		HideSolutionNode = FALSE
	EndGlobalSection
EndGlobal
